#MicroXplorer Configuration settings - do not modify
File.Version=6
KeepUserPlacement=false
Mcu.Family=STM32F1
Mcu.IP0=NVIC
Mcu.IP1=RCC
Mcu.IP2=SPI2
Mcu.IP3=SYS
Mcu.IPNb=4
Mcu.Name=STM32F103V(8-B)Tx
Mcu.Package=LQFP100
Mcu.Pin0=PE2
Mcu.Pin1=PE3
Mcu.Pin10=PB14
Mcu.Pin11=PB15
Mcu.Pin12=PD8
Mcu.Pin13=PD9
Mcu.Pin14=PD10
Mcu.Pin15=PD11
Mcu.Pin16=PD12
Mcu.Pin17=PD13
Mcu.Pin18=PA13
Mcu.Pin19=PA14
Mcu.Pin2=OSC_IN
Mcu.Pin20=PA15
Mcu.Pin21=PB3
Mcu.Pin22=VP_SYS_VS_tim1
Mcu.Pin3=OSC_OUT
Mcu.Pin4=PA4
Mcu.Pin5=PE11
Mcu.Pin6=PE13
Mcu.Pin7=PE14
Mcu.Pin8=PE15
Mcu.Pin9=PB13
Mcu.PinsNb=23
Mcu.UserConstants=
Mcu.UserName=STM32F103VBTx
MxCube.Version=4.16.1
MxDb.Version=DB.4.0.161
NVIC.BusFault_IRQn=true\:0\:0\:false\:false\:true
NVIC.DebugMonitor_IRQn=true\:0\:0\:false\:false\:true
NVIC.HardFault_IRQn=true\:0\:0\:false\:false\:true
NVIC.MemoryManagement_IRQn=true\:0\:0\:false\:false\:true
NVIC.NonMaskableInt_IRQn=true\:0\:0\:false\:false\:true
NVIC.PendSV_IRQn=true\:0\:0\:false\:false\:true
NVIC.PriorityGroup=NVIC_PRIORITYGROUP_4
NVIC.SVCall_IRQn=true\:0\:0\:false\:false\:true
NVIC.SysTick_IRQn=true\:0\:0\:false\:false\:true
NVIC.TIM1_UP_IRQn=true\:0\:0\:false\:false\:true
NVIC.TimeBase=TIM1_UP_IRQn
NVIC.TimeBaseIP=TIM1
NVIC.UsageFault_IRQn=true\:0\:0\:false\:false\:true
OSC_IN.Mode=HSE-External-Oscillator
OSC_IN.Signal=RCC_OSC_IN
OSC_OUT.Mode=HSE-External-Oscillator
OSC_OUT.Signal=RCC_OSC_OUT
PA13.Mode=Trace_Synchro_1bit_JTAG
PA13.Signal=SYS_JTMS-SWDIO
PA14.Mode=Trace_Synchro_1bit_JTAG
PA14.Signal=SYS_JTCK-SWCLK
PA15.Mode=Trace_Synchro_1bit_JTAG
PA15.Signal=SYS_JTDI
PA4.GPIOParameters=GPIO_Speed,GPIO_Label
PA4.GPIO_Label=VPP
PA4.GPIO_Speed=GPIO_SPEED_FREQ_HIGH
PA4.Locked=true
PA4.Signal=GPIO_Output
PB13.Mode=Full_Duplex_Master
PB13.Signal=SPI2_SCK
PB14.Mode=Full_Duplex_Master
PB14.Signal=SPI2_MISO
PB15.Mode=Full_Duplex_Master
PB15.Signal=SPI2_MOSI
PB3.Mode=Trace_Synchro_1bit_JTAG
PB3.Signal=SYS_JTDO-TRACESWO
PCC.Checker=false
PCC.Line=STM32F103
PCC.MCU=STM32F103V(8-B)Tx
PCC.MXVersion=4.16.1
PCC.PartNumber=STM32F103VBTx
PCC.Seq0=0
PCC.Series=STM32F1
PCC.Temperature=25
PCC.Vdd=3.3
PD10.GPIOParameters=GPIO_Speed,GPIO_Label
PD10.GPIO_Label=SDA
PD10.GPIO_Speed=GPIO_SPEED_FREQ_HIGH
PD10.Locked=true
PD10.Signal=GPIO_Output
PD11.GPIOParameters=GPIO_Speed,PinState,GPIO_Label
PD11.GPIO_Label=nRF24L01_CSN
PD11.GPIO_Speed=GPIO_SPEED_FREQ_HIGH
PD11.Locked=true
PD11.PinState=GPIO_PIN_SET
PD11.Signal=GPIO_Output
PD12.GPIOParameters=GPIO_PuPd,GPIO_Label
PD12.GPIO_Label=nRF24L01_IRQ
PD12.GPIO_PuPd=GPIO_PULLUP
PD12.Locked=true
PD12.Signal=GPIO_Input
PD13.GPIOParameters=GPIO_Speed,PinState,GPIO_Label
PD13.GPIO_Label=nRF24L01_CE
PD13.GPIO_Speed=GPIO_SPEED_FREQ_HIGH
PD13.Locked=true
PD13.PinState=GPIO_PIN_SET
PD13.Signal=GPIO_Output
PD8.GPIOParameters=GPIO_Speed,GPIO_Label
PD8.GPIO_Label=nCS
PD8.GPIO_Speed=GPIO_SPEED_FREQ_HIGH
PD8.Locked=true
PD8.Signal=GPIO_Output
PD9.GPIOParameters=GPIO_Speed,GPIO_Label
PD9.GPIO_Label=SCLK
PD9.GPIO_Speed=GPIO_SPEED_FREQ_HIGH
PD9.Locked=true
PD9.Signal=GPIO_Output
PE11.GPIOParameters=GPIO_Speed,GPIO_Label
PE11.GPIO_Label=nBS
PE11.GPIO_Speed=GPIO_SPEED_FREQ_HIGH
PE11.Locked=true
PE11.Signal=GPIO_Output
PE13.GPIOParameters=GPIO_PuPd,GPIO_Label
PE13.GPIO_Label=nBUSY
PE13.GPIO_PuPd=GPIO_PULLUP
PE13.Locked=true
PE13.Signal=GPIO_Input
PE14.GPIOParameters=GPIO_Speed,GPIO_Label
PE14.GPIO_Label=nRST
PE14.GPIO_Speed=GPIO_SPEED_FREQ_HIGH
PE14.Locked=true
PE14.Signal=GPIO_Output
PE15.GPIOParameters=GPIO_Speed,GPIO_Label
PE15.GPIO_Label=nDC
PE15.GPIO_Speed=GPIO_SPEED_FREQ_HIGH
PE15.Locked=true
PE15.Signal=GPIO_Output
PE2.Mode=Trace_Synchro_1bit_JTAG
PE2.Signal=SYS_TRACECLK
PE3.Mode=Trace_Synchro_1bit_JTAG
PE3.Signal=SYS_TRACED0
ProjectManager.AskForMigrate=true
ProjectManager.BackupPrevious=false
ProjectManager.CompilerOptimize=2
ProjectManager.ComputerToolchain=false
ProjectManager.CoupleFile=false
ProjectManager.DeletePrevious=true
ProjectManager.DeviceId=STM32F103VBTx
ProjectManager.FirmwarePackage=STM32Cube FW_F1 V1.4.0
ProjectManager.FreePins=false
ProjectManager.HalAssertFull=false
ProjectManager.HeapSize=0x200
ProjectManager.KeepUserCode=true
ProjectManager.LastFirmware=true
ProjectManager.LibraryCopy=0
ProjectManager.PreviousToolchain=
ProjectManager.ProjectBuild=false
ProjectManager.ProjectFileName=DTA_red.ioc
ProjectManager.ProjectName=DTA_red
ProjectManager.StackSize=0x400
ProjectManager.TargetToolchain=MDK-ARM V5
ProjectManager.ToolChainLocation=E\:\\Project\\MDK\\\u7535\u5B50\u58A8\u6C34\u5C4F\\Final1.4\\DTA_red
ProjectManager.UnderRoot=false
ProjectManager.functionlistsort=1-MX_GPIO_Init-GPIO-false,2-MX_SPI2_Init-SPI2-false
RCC.ADCFreqValue=36000000
RCC.AHBFreq_Value=72000000
RCC.APB1CLKDivider=RCC_HCLK_DIV2
RCC.APB1Freq_Value=36000000
RCC.APB1TimFreq_Value=72000000
RCC.APB2Freq_Value=72000000
RCC.APB2TimFreq_Value=72000000
RCC.FCLKCortexFreq_Value=72000000
RCC.FamilyName=M
RCC.HCLKFreq_Value=72000000
RCC.HSIState=RCC_HSI_ON
RCC.IPParameters=ADCFreqValue,AHBFreq_Value,APB1CLKDivider,APB1Freq_Value,APB1TimFreq_Value,APB2Freq_Value,APB2TimFreq_Value,FCLKCortexFreq_Value,FamilyName,HCLKFreq_Value,HSIState,MCOFreq_Value,PLLCLKFreq_Value,PLLMCOFreq_Value,PLLMUL,PLLSourceVirtual,SYSCLKFreq_VALUE,SYSCLKSource,TimSysFreq_Value,USBFreq_Value,VCOOutput2Freq_Value
RCC.MCOFreq_Value=72000000
RCC.PLLCLKFreq_Value=72000000
RCC.PLLMCOFreq_Value=36000000
RCC.PLLMUL=RCC_PLL_MUL9
RCC.PLLSourceVirtual=RCC_PLLSOURCE_HSE
RCC.SYSCLKFreq_VALUE=72000000
RCC.SYSCLKSource=RCC_SYSCLKSOURCE_PLLCLK
RCC.TimSysFreq_Value=72000000
RCC.USBFreq_Value=72000000
RCC.VCOOutput2Freq_Value=8000000
SPI2.BaudRatePrescaler=SPI_BAUDRATEPRESCALER_4
SPI2.CRCCalculation=SPI_CRCCALCULATION_DISABLE
SPI2.CalculateBaudRate=9.0 MBits/s
SPI2.IPParameters=Mode,CalculateBaudRate,BaudRatePrescaler,CRCCalculation
SPI2.Mode=SPI_MODE_MASTER
VP_SYS_VS_tim1.Mode=TIM1
VP_SYS_VS_tim1.Signal=SYS_VS_tim1
board=DTA_red
